
Microsoft Visual Studio Solution File, Format Version 12.00
# Visual Studio Version 16
VisualStudioVersion = 16.0.31205.134
MinimumVisualStudioVersion = 10.0.40219.1
Project("{FAE04EC0-301F-11D3-BF4B-00C04F79EFBC}") = "Core", "Core\Core.csproj", "{212299F2-A089-46D3-94D3-2D91F305BCFD}"
EndProject
Project("{FAE04EC0-301F-11D3-BF4B-00C04F79EFBC}") = "Business", "Business\Business.csproj", "{F5E80727-86E7-4EA2-A832-3B206AAC99FA}"
EndProject
Project("{FAE04EC0-301F-11D3-BF4B-00C04F79EFBC}") = "Entities", "Entities\Entities.csproj", "{7D328707-5705-4438-96A0-C2AA551D9877}"
EndProject
Project("{FAE04EC0-301F-11D3-BF4B-00C04F79EFBC}") = "DataAccess", "DataAccess\DataAccess.csproj", "{BA5ADD53-DE50-4490-9E45-71ECC570C655}"
EndProject
Project("{FAE04EC0-301F-11D3-BF4B-00C04F79EFBC}") = "WebAPI", "WebAPI\WebAPI.csproj", "{4882D11B-FD47-4D81-9324-3D99187D5B9F}"
EndProject
Global
	GlobalSection(SolutionConfigurationPlatforms) = preSolution
		Debug|Any CPU = Debug|Any CPU
		Release|Any CPU = Release|Any CPU
	EndGlobalSection
	GlobalSection(ProjectConfigurationPlatforms) = postSolution
		{212299F2-A089-46D3-94D3-2D91F305BCFD}.Debug|Any CPU.ActiveCfg = Debug|Any CPU
		{212299F2-A089-46D3-94D3-2D91F305BCFD}.Debug|Any CPU.Build.0 = Debug|Any CPU
		{212299F2-A089-46D3-94D3-2D91F305BCFD}.Release|Any CPU.ActiveCfg = Release|Any CPU
		{212299F2-A089-46D3-94D3-2D91F305BCFD}.Release|Any CPU.Build.0 = Release|Any CPU
		{F5E80727-86E7-4EA2-A832-3B206AAC99FA}.Debug|Any CPU.ActiveCfg = Debug|Any CPU
		{F5E80727-86E7-4EA2-A832-3B206AAC99FA}.Debug|Any CPU.Build.0 = Debug|Any CPU
		{F5E80727-86E7-4EA2-A832-3B206AAC99FA}.Release|Any CPU.ActiveCfg = Release|Any CPU
		{F5E80727-86E7-4EA2-A832-3B206AAC99FA}.Release|Any CPU.Build.0 = Release|Any CPU
		{7D328707-5705-4438-96A0-C2AA551D9877}.Debug|Any CPU.ActiveCfg = Debug|Any CPU
		{7D328707-5705-4438-96A0-C2AA551D9877}.Debug|Any CPU.Build.0 = Debug|Any CPU
		{7D328707-5705-4438-96A0-C2AA551D9877}.Release|Any CPU.ActiveCfg = Release|Any CPU
		{7D328707-5705-4438-96A0-C2AA551D9877}.Release|Any CPU.Build.0 = Release|Any CPU
		{BA5ADD53-DE50-4490-9E45-71ECC570C655}.Debug|Any CPU.ActiveCfg = Debug|Any CPU
		{BA5ADD53-DE50-4490-9E45-71ECC570C655}.Debug|Any CPU.Build.0 = Debug|Any CPU
		{BA5ADD53-DE50-4490-9E45-71ECC570C655}.Release|Any CPU.ActiveCfg = Release|Any CPU
		{BA5ADD53-DE50-4490-9E45-71ECC570C655}.Release|Any CPU.Build.0 = Release|Any CPU
		{4882D11B-FD47-4D81-9324-3D99187D5B9F}.Debug|Any CPU.ActiveCfg = Debug|Any CPU
		{4882D11B-FD47-4D81-9324-3D99187D5B9F}.Debug|Any CPU.Build.0 = Debug|Any CPU
		{4882D11B-FD47-4D81-9324-3D99187D5B9F}.Release|Any CPU.ActiveCfg = Release|Any CPU
		{4882D11B-FD47-4D81-9324-3D99187D5B9F}.Release|Any CPU.Build.0 = Release|Any CPU
	EndGlobalSection
	GlobalSection(SolutionProperties) = preSolution
		HideSolutionNode = FALSE
	EndGlobalSection
	GlobalSection(ExtensibilityGlobals) = postSolution
		SolutionGuid = {1D3CFC40-A675-4630-9D0A-7D4742C22431}
	EndGlobalSection
EndGlobal
